// !$*UTF8*$!
{
	archiveVersion = 1;
	classes = {
	};
	objectVersion = 77;
	objects = {

/* Begin PBXBuildFile section */
		01EB0888CCAA4EE0A5D4467F /* PlaneEncoder.swift in Sources */ = {isa = PBXBuildFile; fileRef = DA852DBADF0DE4CBE8A55CA9 /* PlaneEncoder.swift */; };
		0B8DE2619A5E640CD8FA8366 /* ModuleBoundaryTests.swift in Sources */ = {isa = PBXBuildFile; fileRef = 704F6F88F7A23B417233C932 /* ModuleBoundaryTests.swift */; };
		0D5E3ED47ABBE811C84B71FA /* ProductStateCodec.swift in Sources */ = {isa = PBXBuildFile; fileRef = 2EA82E672918137D0D498F26 /* ProductStateCodec.swift */; };
		0DBE725054312D1C217F8017 /* FrameFingerprint.swift in Sources */ = {isa = PBXBuildFile; fileRef = 59F704F5E53B0B8C09D59647 /* FrameFingerprint.swift */; };
		0E7CF0DCA91D09DC47DC2F18 /* InfoPlist.strings in Resources */ = {isa = PBXBuildFile; fileRef = 8B59FCFFBF0E0EE9B5C88388 /* InfoPlist.strings */; };
		2EB3B2E0766DE3984CD2C0A6 /* ConfirmationPrompting.swift in Sources */ = {isa = PBXBuildFile; fileRef = 46C1A7DBE00B682F7AB2820B /* ConfirmationPrompting.swift */; };
		2FCB25567CBFA9B18C42B40F /* AppDelegate.swift in Sources */ = {isa = PBXBuildFile; fileRef = 72287E467240B5855B1C1493 /* AppDelegate.swift */; };
		3072C0BBD85ADF092380F8AE /* ProductState.swift in Sources */ = {isa = PBXBuildFile; fileRef = 61915DC379E09D27225D9E97 /* ProductState.swift */; };
		38E31F455A063A0190565019 /* InfoPlistContractTests.swift in Sources */ = {isa = PBXBuildFile; fileRef = B9FE754A48CC2BE3CA1854B7 /* InfoPlistContractTests.swift */; };
		40B1643E092251D6843FB663 /* RepoRoot.swift in Sources */ = {isa = PBXBuildFile; fileRef = D066A9E4A2715CE2D3FD801E /* RepoRoot.swift */; };
		43B7F2A92D7832FE949ADCF0 /* QuotaFocusModelTests.swift in Sources */ = {isa = PBXBuildFile; fileRef = CE868253AF5F8F0EDB4E24CD /* QuotaFocusModelTests.swift */; };
		45E1E7C2A054714D9B2794EE /* FakeRadio.swift in Sources */ = {isa = PBXBuildFile; fileRef = 89F2251FA2EB02B74E9879FB /* FakeRadio.swift */; };
		45E3659C2A1ADDADA8F72843 /* NRF5Radio.swift in Sources */ = {isa = PBXBuildFile; fileRef = 8BFA455A1934D280561BAA29 /* NRF5Radio.swift */; };
		4A2A77923AB1BC099E6A1C18 /* MenuSkeletonTests.swift in Sources */ = {isa = PBXBuildFile; fileRef = 4BAAC6D25F388B1ABBF3ADBF /* MenuSkeletonTests.swift */; };
		4E084D4C8E281AFDDD12DB21 /* DisplayCopyTests.swift in Sources */ = {isa = PBXBuildFile; fileRef = 17976445E391337829B66A8A /* DisplayCopyTests.swift */; };
		4F85213497225FE4DEEBA60C /* MenuBuilder.swift in Sources */ = {isa = PBXBuildFile; fileRef = 7A148838D57F0CD0B704904B /* MenuBuilder.swift */; };
		54609AF93DFE36BE731DF33D /* BindScanPanelController.swift in Sources */ = {isa = PBXBuildFile; fileRef = CFA59F0885C61DAAB3A04497 /* BindScanPanelController.swift */; };
		5A626E76416CB51BC37B65C4 /* DisplayPreferences.swift in Sources */ = {isa = PBXBuildFile; fileRef = 18CBE4E0E175610D5227CB72 /* DisplayPreferences.swift */; };
		6010AF22EAF5AF502B52F789 /* ReadySessionCoordinatorTests.swift in Sources */ = {isa = PBXBuildFile; fileRef = 54D4315A55168637486FB99A /* ReadySessionCoordinatorTests.swift */; };
		6155CF3324AC55BD1DBDB713 /* SettingsPanelController.swift in Sources */ = {isa = PBXBuildFile; fileRef = E9CCF1CC0B334F359EDB24F8 /* SettingsPanelController.swift */; };
		6A722959EA6FC0F76E6ED2CD /* BindScanPanelTests.swift in Sources */ = {isa = PBXBuildFile; fileRef = 4C404DE41300258BCED250CD /* BindScanPanelTests.swift */; };
		6F9DAF56DFCEA6BA82F0CF4E /* QuotaFocusLayout.swift in Sources */ = {isa = PBXBuildFile; fileRef = F918CB2A8202E4278121FD94 /* QuotaFocusLayout.swift */; };
		7D946B4D1ECA0116EDF93D7C /* UsageObservation.swift in Sources */ = {isa = PBXBuildFile; fileRef = F697563BAED47239E56C898F /* UsageObservation.swift */; };
		870808E72447569A727A87A4 /* RadioTransport.swift in Sources */ = {isa = PBXBuildFile; fileRef = 9DEF0B443585D4790C1BF6E9 /* RadioTransport.swift */; };
		8D5C9BDE538E0C883A65AD59 /* FrameFingerprintTests.swift in Sources */ = {isa = PBXBuildFile; fileRef = 7028C388D381834B62CD1319 /* FrameFingerprintTests.swift */; };
		942ABA8457B287EEBEF01956 /* AppLaunchSupport.swift in Sources */ = {isa = PBXBuildFile; fileRef = AF92A5EBBD696710B0C63A48 /* AppLaunchSupport.swift */; };
		9BDFB079A2A9B8596D815541 /* ShellLaunchTests.swift in Sources */ = {isa = PBXBuildFile; fileRef = 0DC9DE31E8CEBDACFC0E4F4C /* ShellLaunchTests.swift */; };
		9EC5233D54113321BBB0D1C1 /* DisplayFrameComposer.swift in Sources */ = {isa = PBXBuildFile; fileRef = 7388D1A5FFA01F3249619916 /* DisplayFrameComposer.swift */; };
		A16723163EB7C98F54DC557A /* PersistenceStoreTests.swift in Sources */ = {isa = PBXBuildFile; fileRef = 696484DEA1350780B6D01C2F /* PersistenceStoreTests.swift */; };
		A35B04018EDF3BC8D05F1036 /* RuntimePersistenceTests.swift in Sources */ = {isa = PBXBuildFile; fileRef = B0D83C2B7B02F56350859998 /* RuntimePersistenceTests.swift */; };
		A817755A88233900530E51B7 /* PlaneEncoderTests.swift in Sources */ = {isa = PBXBuildFile; fileRef = 901E566B8DDA5C0BA1E3FBEC /* PlaneEncoderTests.swift */; };
		AEFB41A15153C42A4185C04A /* DisplayLinkControlling.swift in Sources */ = {isa = PBXBuildFile; fileRef = 670E1DA158B082B33583E94E /* DisplayLinkControlling.swift */; };
		B4990EE7023F87E7E7BAC31F /* PersistenceStore.swift in Sources */ = {isa = PBXBuildFile; fileRef = CA0BF3FFACFCCC6A82C89A5D /* PersistenceStore.swift */; };
		B847E20543BCADFA510B4B12 /* BindDisplayRuntimeTests.swift in Sources */ = {isa = PBXBuildFile; fileRef = 8C67F2A08DEA1BA6A170FABE /* BindDisplayRuntimeTests.swift */; };
		BA928C7D8FA5755B7E2240AB /* ReadySessionCoordinator.swift in Sources */ = {isa = PBXBuildFile; fileRef = ECC3888DDAC48D3B2E3C7939 /* ReadySessionCoordinator.swift */; };
		BC19BE70AA5DBC7E8609BFC1 /* QuotaFocusLayoutTests.swift in Sources */ = {isa = PBXBuildFile; fileRef = BE2CD2C2BD95054A35CED4C1 /* QuotaFocusLayoutTests.swift */; };
		C3B614A68DBAEEA9963D26BB /* StatusItemController.swift in Sources */ = {isa = PBXBuildFile; fileRef = A3B1E64108F4ADE4DD78C5EB /* StatusItemController.swift */; };
		C86B714D048490EF60F32E20 /* RuntimeOwnerTests.swift in Sources */ = {isa = PBXBuildFile; fileRef = E58AE4B01AB24AA92C91E7F6 /* RuntimeOwnerTests.swift */; };
		D0ECCEDF7217A2FE0097B74B /* DisplayFrameFixtures.swift in Sources */ = {isa = PBXBuildFile; fileRef = 5F598EC1FD9138B7CB95D7AC /* DisplayFrameFixtures.swift */; };
		D666431B7A862947A678658B /* DisplayFramePlaneGoldenTests.swift in Sources */ = {isa = PBXBuildFile; fileRef = 8CA87346BAF5FADC66F6FE07 /* DisplayFramePlaneGoldenTests.swift */; };
		DBADF7C57DC35966E5133C98 /* DisplayCopy.swift in Sources */ = {isa = PBXBuildFile; fileRef = F77352382139F0D52C76E176 /* DisplayCopy.swift */; };
		E2FB258F3050CB048D41A65E /* QuotaFocusModel.swift in Sources */ = {isa = PBXBuildFile; fileRef = C296C7CDCBA8923772F6CA2D /* QuotaFocusModel.swift */; };
		EDD1FAC9ED97A11BC210B5EE /* DisplayPreferencesTests.swift in Sources */ = {isa = PBXBuildFile; fileRef = FAF9444C4CE469CFCCFE3BFE /* DisplayPreferencesTests.swift */; };
		EEB8953DDD53614B3D32F04F /* SettingsPanelTests.swift in Sources */ = {isa = PBXBuildFile; fileRef = 6D1DFE61DB4661922F0305CD /* SettingsPanelTests.swift */; };
		F0CF28D3769FBF38B185271C /* UsageInkRuntime.swift in Sources */ = {isa = PBXBuildFile; fileRef = C209A2AA9C531DDAD5488574 /* UsageInkRuntime.swift */; };
		F40761805DE892311650C558 /* Presentation.swift in Sources */ = {isa = PBXBuildFile; fileRef = 19BE67BF02A3F4FA79A35C30 /* Presentation.swift */; };
		F69D47ED4A79687413D61129 /* BLETypes.swift in Sources */ = {isa = PBXBuildFile; fileRef = 86ACE923CCE5BD85C582AA5A /* BLETypes.swift */; };
		F74EFB3C7C4BC6D4DD954EE2 /* DisplayFrameComposerTests.swift in Sources */ = {isa = PBXBuildFile; fileRef = 262B3EFB614DD02E72007495 /* DisplayFrameComposerTests.swift */; };
		FE4AA7964908327DC217DF74 /* FrameRasterizer.swift in Sources */ = {isa = PBXBuildFile; fileRef = DE2E04323266F642D1DE0B50 /* FrameRasterizer.swift */; };
/* End PBXBuildFile section */

/* Begin PBXContainerItemProxy section */
		064C314D18295F79A27A5BB0 /* PBXContainerItemProxy */ = {
			isa = PBXContainerItemProxy;
			containerPortal = C5F46439B407EC63A2FC6CF4 /* Project object */;
			proxyType = 1;
			remoteGlobalIDString = D8633ABCFEEF343F6BEB758A;
			remoteInfo = UsageInk;
		};
/* End PBXContainerItemProxy section */

/* Begin PBXFileReference section */
		0DC9DE31E8CEBDACFC0E4F4C /* ShellLaunchTests.swift */ = {isa = PBXFileReference; lastKnownFileType = sourcecode.swift; path = ShellLaunchTests.swift; sourceTree = "<group>"; };
		17976445E391337829B66A8A /* DisplayCopyTests.swift */ = {isa = PBXFileReference; lastKnownFileType = sourcecode.swift; path = DisplayCopyTests.swift; sourceTree = "<group>"; };
		18CBE4E0E175610D5227CB72 /* DisplayPreferences.swift */ = {isa = PBXFileReference; lastKnownFileType = sourcecode.swift; path = DisplayPreferences.swift; sourceTree = "<group>"; };
		19BE67BF02A3F4FA79A35C30 /* Presentation.swift */ = {isa = PBXFileReference; lastKnownFileType = sourcecode.swift; path = Presentation.swift; sourceTree = "<group>"; };
		262B3EFB614DD02E72007495 /* DisplayFrameComposerTests.swift */ = {isa = PBXFileReference; lastKnownFileType = sourcecode.swift; path = DisplayFrameComposerTests.swift; sourceTree = "<group>"; };
		2EA82E672918137D0D498F26 /* ProductStateCodec.swift */ = {isa = PBXFileReference; lastKnownFileType = sourcecode.swift; path = ProductStateCodec.swift; sourceTree = "<group>"; };
		46C1A7DBE00B682F7AB2820B /* ConfirmationPrompting.swift */ = {isa = PBXFileReference; lastKnownFileType = sourcecode.swift; path = ConfirmationPrompting.swift; sourceTree = "<group>"; };
		4BAAC6D25F388B1ABBF3ADBF /* MenuSkeletonTests.swift */ = {isa = PBXFileReference; lastKnownFileType = sourcecode.swift; path = MenuSkeletonTests.swift; sourceTree = "<group>"; };
		4C404DE41300258BCED250CD /* BindScanPanelTests.swift */ = {isa = PBXFileReference; lastKnownFileType = sourcecode.swift; path = BindScanPanelTests.swift; sourceTree = "<group>"; };
		54D4315A55168637486FB99A /* ReadySessionCoordinatorTests.swift */ = {isa = PBXFileReference; lastKnownFileType = sourcecode.swift; path = ReadySessionCoordinatorTests.swift; sourceTree = "<group>"; };
		59F704F5E53B0B8C09D59647 /* FrameFingerprint.swift */ = {isa = PBXFileReference; lastKnownFileType = sourcecode.swift; path = FrameFingerprint.swift; sourceTree = "<group>"; };
		5F598EC1FD9138B7CB95D7AC /* DisplayFrameFixtures.swift */ = {isa = PBXFileReference; lastKnownFileType = sourcecode.swift; path = DisplayFrameFixtures.swift; sourceTree = "<group>"; };
		61915DC379E09D27225D9E97 /* ProductState.swift */ = {isa = PBXFileReference; lastKnownFileType = sourcecode.swift; path = ProductState.swift; sourceTree = "<group>"; };
		670E1DA158B082B33583E94E /* DisplayLinkControlling.swift */ = {isa = PBXFileReference; lastKnownFileType = sourcecode.swift; path = DisplayLinkControlling.swift; sourceTree = "<group>"; };
		696484DEA1350780B6D01C2F /* PersistenceStoreTests.swift */ = {isa = PBXFileReference; lastKnownFileType = sourcecode.swift; path = PersistenceStoreTests.swift; sourceTree = "<group>"; };
		6D1DFE61DB4661922F0305CD /* SettingsPanelTests.swift */ = {isa = PBXFileReference; lastKnownFileType = sourcecode.swift; path = SettingsPanelTests.swift; sourceTree = "<group>"; };
		7028C388D381834B62CD1319 /* FrameFingerprintTests.swift */ = {isa = PBXFileReference; lastKnownFileType = sourcecode.swift; path = FrameFingerprintTests.swift; sourceTree = "<group>"; };
		704F6F88F7A23B417233C932 /* ModuleBoundaryTests.swift */ = {isa = PBXFileReference; lastKnownFileType = sourcecode.swift; path = ModuleBoundaryTests.swift; sourceTree = "<group>"; };
		72287E467240B5855B1C1493 /* AppDelegate.swift */ = {isa = PBXFileReference; lastKnownFileType = sourcecode.swift; path = AppDelegate.swift; sourceTree = "<group>"; };
		7388D1A5FFA01F3249619916 /* DisplayFrameComposer.swift */ = {isa = PBXFileReference; lastKnownFileType = sourcecode.swift; path = DisplayFrameComposer.swift; sourceTree = "<group>"; };
		7A148838D57F0CD0B704904B /* MenuBuilder.swift */ = {isa = PBXFileReference; lastKnownFileType = sourcecode.swift; path = MenuBuilder.swift; sourceTree = "<group>"; };
		86ACE923CCE5BD85C582AA5A /* BLETypes.swift */ = {isa = PBXFileReference; lastKnownFileType = sourcecode.swift; path = BLETypes.swift; sourceTree = "<group>"; };
		89F2251FA2EB02B74E9879FB /* FakeRadio.swift */ = {isa = PBXFileReference; lastKnownFileType = sourcecode.swift; path = FakeRadio.swift; sourceTree = "<group>"; };
		8BFA455A1934D280561BAA29 /* NRF5Radio.swift */ = {isa = PBXFileReference; lastKnownFileType = sourcecode.swift; path = NRF5Radio.swift; sourceTree = "<group>"; };
		8C67F2A08DEA1BA6A170FABE /* BindDisplayRuntimeTests.swift */ = {isa = PBXFileReference; lastKnownFileType = sourcecode.swift; path = BindDisplayRuntimeTests.swift; sourceTree = "<group>"; };
		8CA87346BAF5FADC66F6FE07 /* DisplayFramePlaneGoldenTests.swift */ = {isa = PBXFileReference; lastKnownFileType = sourcecode.swift; path = DisplayFramePlaneGoldenTests.swift; sourceTree = "<group>"; };
		8CF3737AA871037684E20AF9 /* en */ = {isa = PBXFileReference; lastKnownFileType = text.plist.strings; name = en; path = en.lproj/InfoPlist.strings; sourceTree = "<group>"; };
		901E566B8DDA5C0BA1E3FBEC /* PlaneEncoderTests.swift */ = {isa = PBXFileReference; lastKnownFileType = sourcecode.swift; path = PlaneEncoderTests.swift; sourceTree = "<group>"; };
		9937A795C38CD3CDF48C9A8B /* UsageInk.app */ = {isa = PBXFileReference; explicitFileType = wrapper.application; includeInIndex = 0; path = UsageInk.app; sourceTree = BUILT_PRODUCTS_DIR; };
		9DEF0B443585D4790C1BF6E9 /* RadioTransport.swift */ = {isa = PBXFileReference; lastKnownFileType = sourcecode.swift; path = RadioTransport.swift; sourceTree = "<group>"; };
		A3B1E64108F4ADE4DD78C5EB /* StatusItemController.swift */ = {isa = PBXFileReference; lastKnownFileType = sourcecode.swift; path = StatusItemController.swift; sourceTree = "<group>"; };
		AF92A5EBBD696710B0C63A48 /* AppLaunchSupport.swift */ = {isa = PBXFileReference; lastKnownFileType = sourcecode.swift; path = AppLaunchSupport.swift; sourceTree = "<group>"; };
		B0D83C2B7B02F56350859998 /* RuntimePersistenceTests.swift */ = {isa = PBXFileReference; lastKnownFileType = sourcecode.swift; path = RuntimePersistenceTests.swift; sourceTree = "<group>"; };
		B9FE754A48CC2BE3CA1854B7 /* InfoPlistContractTests.swift */ = {isa = PBXFileReference; lastKnownFileType = sourcecode.swift; path = InfoPlistContractTests.swift; sourceTree = "<group>"; };
		BE2CD2C2BD95054A35CED4C1 /* QuotaFocusLayoutTests.swift */ = {isa = PBXFileReference; lastKnownFileType = sourcecode.swift; path = QuotaFocusLayoutTests.swift; sourceTree = "<group>"; };
		C209A2AA9C531DDAD5488574 /* UsageInkRuntime.swift */ = {isa = PBXFileReference; lastKnownFileType = sourcecode.swift; path = UsageInkRuntime.swift; sourceTree = "<group>"; };
		C296C7CDCBA8923772F6CA2D /* QuotaFocusModel.swift */ = {isa = PBXFileReference; lastKnownFileType = sourcecode.swift; path = QuotaFocusModel.swift; sourceTree = "<group>"; };
		CA0BF3FFACFCCC6A82C89A5D /* PersistenceStore.swift */ = {isa = PBXFileReference; lastKnownFileType = sourcecode.swift; path = PersistenceStore.swift; sourceTree = "<group>"; };
		CE868253AF5F8F0EDB4E24CD /* QuotaFocusModelTests.swift */ = {isa = PBXFileReference; lastKnownFileType = sourcecode.swift; path = QuotaFocusModelTests.swift; sourceTree = "<group>"; };
		CFA59F0885C61DAAB3A04497 /* BindScanPanelController.swift */ = {isa = PBXFileReference; lastKnownFileType = sourcecode.swift; path = BindScanPanelController.swift; sourceTree = "<group>"; };
		D066A9E4A2715CE2D3FD801E /* RepoRoot.swift */ = {isa = PBXFileReference; lastKnownFileType = sourcecode.swift; path = RepoRoot.swift; sourceTree = "<group>"; };
		DA852DBADF0DE4CBE8A55CA9 /* PlaneEncoder.swift */ = {isa = PBXFileReference; lastKnownFileType = sourcecode.swift; path = PlaneEncoder.swift; sourceTree = "<group>"; };
		DE2E04323266F642D1DE0B50 /* FrameRasterizer.swift */ = {isa = PBXFileReference; lastKnownFileType = sourcecode.swift; path = FrameRasterizer.swift; sourceTree = "<group>"; };
		E58AE4B01AB24AA92C91E7F6 /* RuntimeOwnerTests.swift */ = {isa = PBXFileReference; lastKnownFileType = sourcecode.swift; path = RuntimeOwnerTests.swift; sourceTree = "<group>"; };
		E9CCF1CC0B334F359EDB24F8 /* SettingsPanelController.swift */ = {isa = PBXFileReference; lastKnownFileType = sourcecode.swift; path = SettingsPanelController.swift; sourceTree = "<group>"; };
		ECC3888DDAC48D3B2E3C7939 /* ReadySessionCoordinator.swift */ = {isa = PBXFileReference; lastKnownFileType = sourcecode.swift; path = ReadySessionCoordinator.swift; sourceTree = "<group>"; };
		F697563BAED47239E56C898F /* UsageObservation.swift */ = {isa = PBXFileReference; lastKnownFileType = sourcecode.swift; path = UsageObservation.swift; sourceTree = "<group>"; };
		F77352382139F0D52C76E176 /* DisplayCopy.swift */ = {isa = PBXFileReference; lastKnownFileType = sourcecode.swift; path = DisplayCopy.swift; sourceTree = "<group>"; };
		F918CB2A8202E4278121FD94 /* QuotaFocusLayout.swift */ = {isa = PBXFileReference; lastKnownFileType = sourcecode.swift; path = QuotaFocusLayout.swift; sourceTree = "<group>"; };
		F975DEE9DA0FF6A3EE9D7F03 /* zh-Hans */ = {isa = PBXFileReference; lastKnownFileType = text.plist.strings; name = "zh-Hans"; path = "zh-Hans.lproj/InfoPlist.strings"; sourceTree = "<group>"; };
		FAF9444C4CE469CFCCFE3BFE /* DisplayPreferencesTests.swift */ = {isa = PBXFileReference; lastKnownFileType = sourcecode.swift; path = DisplayPreferencesTests.swift; sourceTree = "<group>"; };
		FFA8674546B395F2A785E5DC /* UsageInkTests.xctest */ = {isa = PBXFileReference; explicitFileType = wrapper.cfbundle; includeInIndex = 0; path = UsageInkTests.xctest; sourceTree = BUILT_PRODUCTS_DIR; };
/* End PBXFileReference section */

/* Begin PBXGroup section */
		0D873B5A25C4A7AEFDD61DF8 /* App */ = {
			isa = PBXGroup;
			children = (
				72287E467240B5855B1C1493 /* AppDelegate.swift */,
				CFA59F0885C61DAAB3A04497 /* BindScanPanelController.swift */,
				46C1A7DBE00B682F7AB2820B /* ConfirmationPrompting.swift */,
				7A148838D57F0CD0B704904B /* MenuBuilder.swift */,
				E9CCF1CC0B334F359EDB24F8 /* SettingsPanelController.swift */,
				A3B1E64108F4ADE4DD78C5EB /* StatusItemController.swift */,
			);
			path = App;
			sourceTree = "<group>";
		};
		2C0B2CEAB100969096E14FAC /* Runtime */ = {
			isa = PBXGroup;
			children = (
				670E1DA158B082B33583E94E /* DisplayLinkControlling.swift */,
				C209A2AA9C531DDAD5488574 /* UsageInkRuntime.swift */,
			);
			path = Runtime;
			sourceTree = "<group>";
		};
		4CBC83B3DCC30296E9AA46DB /* UsageInkTests */ = {
			isa = PBXGroup;
			children = (
				AF92A5EBBD696710B0C63A48 /* AppLaunchSupport.swift */,
				8C67F2A08DEA1BA6A170FABE /* BindDisplayRuntimeTests.swift */,
				4C404DE41300258BCED250CD /* BindScanPanelTests.swift */,
				17976445E391337829B66A8A /* DisplayCopyTests.swift */,
				262B3EFB614DD02E72007495 /* DisplayFrameComposerTests.swift */,
				5F598EC1FD9138B7CB95D7AC /* DisplayFrameFixtures.swift */,
				8CA87346BAF5FADC66F6FE07 /* DisplayFramePlaneGoldenTests.swift */,
				FAF9444C4CE469CFCCFE3BFE /* DisplayPreferencesTests.swift */,
				89F2251FA2EB02B74E9879FB /* FakeRadio.swift */,
				7028C388D381834B62CD1319 /* FrameFingerprintTests.swift */,
				B9FE754A48CC2BE3CA1854B7 /* InfoPlistContractTests.swift */,
				4BAAC6D25F388B1ABBF3ADBF /* MenuSkeletonTests.swift */,
				704F6F88F7A23B417233C932 /* ModuleBoundaryTests.swift */,
				696484DEA1350780B6D01C2F /* PersistenceStoreTests.swift */,
				901E566B8DDA5C0BA1E3FBEC /* PlaneEncoderTests.swift */,
				BE2CD2C2BD95054A35CED4C1 /* QuotaFocusLayoutTests.swift */,
				CE868253AF5F8F0EDB4E24CD /* QuotaFocusModelTests.swift */,
				54D4315A55168637486FB99A /* ReadySessionCoordinatorTests.swift */,
				D066A9E4A2715CE2D3FD801E /* RepoRoot.swift */,
				E58AE4B01AB24AA92C91E7F6 /* RuntimeOwnerTests.swift */,
				B0D83C2B7B02F56350859998 /* RuntimePersistenceTests.swift */,
				6D1DFE61DB4661922F0305CD /* SettingsPanelTests.swift */,
				0DC9DE31E8CEBDACFC0E4F4C /* ShellLaunchTests.swift */,
			);
			path = UsageInkTests;
			sourceTree = "<group>";
		};
		4E82853C26A5D7DBFCC65A66 = {
			isa = PBXGroup;
			children = (
				D30902E1E31781AE05CA9897 /* Resources */,
				604CF5E276EFF472F603BF63 /* src */,
				726E8350C549CA6390EBBCAD /* Tests */,
				EE5644B57F2C93323B50ECF7 /* Products */,
			);
			sourceTree = "<group>";
		};
		604CF5E276EFF472F603BF63 /* src */ = {
			isa = PBXGroup;
			children = (
				0D873B5A25C4A7AEFDD61DF8 /* App */,
				F95ED789869F0DD7DA0EBE5E /* BLE */,
				6AB4D968CF96E14C4254843B /* Domain */,
				C3C81158571AF4F6F312B114 /* Persistence */,
				B9F813ADC88CBF4004273A3F /* Render */,
				2C0B2CEAB100969096E14FAC /* Runtime */,
			);
			path = src;
			sourceTree = "<group>";
		};
		6AB4D968CF96E14C4254843B /* Domain */ = {
			isa = PBXGroup;
			children = (
				86ACE923CCE5BD85C582AA5A /* BLETypes.swift */,
				18CBE4E0E175610D5227CB72 /* DisplayPreferences.swift */,
				19BE67BF02A3F4FA79A35C30 /* Presentation.swift */,
				61915DC379E09D27225D9E97 /* ProductState.swift */,
				F697563BAED47239E56C898F /* UsageObservation.swift */,
			);
			path = Domain;
			sourceTree = "<group>";
		};
		726E8350C549CA6390EBBCAD /* Tests */ = {
			isa = PBXGroup;
			children = (
				4CBC83B3DCC30296E9AA46DB /* UsageInkTests */,
			);
			path = Tests;
			sourceTree = "<group>";
		};
		B9F813ADC88CBF4004273A3F /* Render */ = {
			isa = PBXGroup;
			children = (
				F77352382139F0D52C76E176 /* DisplayCopy.swift */,
				7388D1A5FFA01F3249619916 /* DisplayFrameComposer.swift */,
				59F704F5E53B0B8C09D59647 /* FrameFingerprint.swift */,
				DE2E04323266F642D1DE0B50 /* FrameRasterizer.swift */,
				DA852DBADF0DE4CBE8A55CA9 /* PlaneEncoder.swift */,
				F918CB2A8202E4278121FD94 /* QuotaFocusLayout.swift */,
				C296C7CDCBA8923772F6CA2D /* QuotaFocusModel.swift */,
			);
			path = Render;
			sourceTree = "<group>";
		};
		C3C81158571AF4F6F312B114 /* Persistence */ = {
			isa = PBXGroup;
			children = (
				CA0BF3FFACFCCC6A82C89A5D /* PersistenceStore.swift */,
				2EA82E672918137D0D498F26 /* ProductStateCodec.swift */,
			);
			path = Persistence;
			sourceTree = "<group>";
		};
		D30902E1E31781AE05CA9897 /* Resources */ = {
			isa = PBXGroup;
			children = (
				8B59FCFFBF0E0EE9B5C88388 /* InfoPlist.strings */,
			);
			path = Resources;
			sourceTree = "<group>";
		};
		EE5644B57F2C93323B50ECF7 /* Products */ = {
			isa = PBXGroup;
			children = (
				9937A795C38CD3CDF48C9A8B /* UsageInk.app */,
				FFA8674546B395F2A785E5DC /* UsageInkTests.xctest */,
			);
			name = Products;
			sourceTree = "<group>";
		};
		F95ED789869F0DD7DA0EBE5E /* BLE */ = {
			isa = PBXGroup;
			children = (
				8BFA455A1934D280561BAA29 /* NRF5Radio.swift */,
				9DEF0B443585D4790C1BF6E9 /* RadioTransport.swift */,
				ECC3888DDAC48D3B2E3C7939 /* ReadySessionCoordinator.swift */,
			);
			path = BLE;
			sourceTree = "<group>";
		};
/* End PBXGroup section */

/* Begin PBXNativeTarget section */
		35EDA5A4F93588AB8BC4CBBA /* UsageInkTests */ = {
			isa = PBXNativeTarget;
			buildConfigurationList = BCFF2D71DB550B901EE62243 /* Build configuration list for PBXNativeTarget "UsageInkTests" */;
			buildPhases = (
				6671EAB3C514BA004EDF193C /* Sources */,
			);
			buildRules = (
			);
			dependencies = (
				8E14DED3A41B7D8E52D48D13 /* PBXTargetDependency */,
			);
			name = UsageInkTests;
			packageProductDependencies = (
			);
			productName = UsageInkTests;
			productReference = FFA8674546B395F2A785E5DC /* UsageInkTests.xctest */;
			productType = "com.apple.product-type.bundle.unit-test";
		};
		D8633ABCFEEF343F6BEB758A /* UsageInk */ = {
			isa = PBXNativeTarget;
			buildConfigurationList = 7EA4F0D5EFEA23FC454B766E /* Build configuration list for PBXNativeTarget "UsageInk" */;
			buildPhases = (
				E4780ED45344A315B5C9B016 /* Sources */,
				C81CA1A4DDC6A05A9F7F05AD /* Resources */,
			);
			buildRules = (
			);
			dependencies = (
			);
			name = UsageInk;
			packageProductDependencies = (
			);
			productName = UsageInk;
			productReference = 9937A795C38CD3CDF48C9A8B /* UsageInk.app */;
			productType = "com.apple.product-type.application";
		};
/* End PBXNativeTarget section */

/* Begin PBXProject section */
		C5F46439B407EC63A2FC6CF4 /* Project object */ = {
			isa = PBXProject;
			attributes = {
				BuildIndependentTargetsInParallel = YES;
				LastUpgradeCheck = 1430;
				TargetAttributes = {
					35EDA5A4F93588AB8BC4CBBA = {
						DevelopmentTeam = "";
						ProvisioningStyle = Manual;
					};
					D8633ABCFEEF343F6BEB758A = {
						DevelopmentTeam = "";
						ProvisioningStyle = Manual;
					};
				};
			};
			buildConfigurationList = 92FA71400FC56E2E0F00800D /* Build configuration list for PBXProject "UsageInk" */;
			compatibilityVersion = "Xcode 14.0";
			developmentRegion = en;
			hasScannedForEncodings = 0;
			knownRegions = (
				Base,
				en,
				"zh-Hans",
			);
			mainGroup = 4E82853C26A5D7DBFCC65A66;
			minimizedProjectReferenceProxies = 1;
			preferredProjectObjectVersion = 77;
			projectDirPath = "";
			projectRoot = "";
			targets = (
				D8633ABCFEEF343F6BEB758A /* UsageInk */,
				35EDA5A4F93588AB8BC4CBBA /* UsageInkTests */,
			);
		};
/* End PBXProject section */

/* Begin PBXResourcesBuildPhase section */
		C81CA1A4DDC6A05A9F7F05AD /* Resources */ = {
			isa = PBXResourcesBuildPhase;
			buildActionMask = 2147483647;
			files = (
				0E7CF0DCA91D09DC47DC2F18 /* InfoPlist.strings in Resources */,
			);
			runOnlyForDeploymentPostprocessing = 0;
		};
/* End PBXResourcesBuildPhase section */

/* Begin PBXSourcesBuildPhase section */
		6671EAB3C514BA004EDF193C /* Sources */ = {
			isa = PBXSourcesBuildPhase;
			buildActionMask = 2147483647;
			files = (
				942ABA8457B287EEBEF01956 /* AppLaunchSupport.swift in Sources */,
				B847E20543BCADFA510B4B12 /* BindDisplayRuntimeTests.swift in Sources */,
				6A722959EA6FC0F76E6ED2CD /* BindScanPanelTests.swift in Sources */,
				4E084D4C8E281AFDDD12DB21 /* DisplayCopyTests.swift in Sources */,
				F74EFB3C7C4BC6D4DD954EE2 /* DisplayFrameComposerTests.swift in Sources */,
				D0ECCEDF7217A2FE0097B74B /* DisplayFrameFixtures.swift in Sources */,
				D666431B7A862947A678658B /* DisplayFramePlaneGoldenTests.swift in Sources */,
				EDD1FAC9ED97A11BC210B5EE /* DisplayPreferencesTests.swift in Sources */,
				45E1E7C2A054714D9B2794EE /* FakeRadio.swift in Sources */,
				8D5C9BDE538E0C883A65AD59 /* FrameFingerprintTests.swift in Sources */,
				38E31F455A063A0190565019 /* InfoPlistContractTests.swift in Sources */,
				4A2A77923AB1BC099E6A1C18 /* MenuSkeletonTests.swift in Sources */,
				0B8DE2619A5E640CD8FA8366 /* ModuleBoundaryTests.swift in Sources */,
				A16723163EB7C98F54DC557A /* PersistenceStoreTests.swift in Sources */,
				A817755A88233900530E51B7 /* PlaneEncoderTests.swift in Sources */,
				BC19BE70AA5DBC7E8609BFC1 /* QuotaFocusLayoutTests.swift in Sources */,
				43B7F2A92D7832FE949ADCF0 /* QuotaFocusModelTests.swift in Sources */,
				6010AF22EAF5AF502B52F789 /* ReadySessionCoordinatorTests.swift in Sources */,
				40B1643E092251D6843FB663 /* RepoRoot.swift in Sources */,
				C86B714D048490EF60F32E20 /* RuntimeOwnerTests.swift in Sources */,
				A35B04018EDF3BC8D05F1036 /* RuntimePersistenceTests.swift in Sources */,
				EEB8953DDD53614B3D32F04F /* SettingsPanelTests.swift in Sources */,
				9BDFB079A2A9B8596D815541 /* ShellLaunchTests.swift in Sources */,
			);
			runOnlyForDeploymentPostprocessing = 0;
		};
		E4780ED45344A315B5C9B016 /* Sources */ = {
			isa = PBXSourcesBuildPhase;
			buildActionMask = 2147483647;
			files = (
				2FCB25567CBFA9B18C42B40F /* AppDelegate.swift in Sources */,
				F69D47ED4A79687413D61129 /* BLETypes.swift in Sources */,
				54609AF93DFE36BE731DF33D /* BindScanPanelController.swift in Sources */,
				2EB3B2E0766DE3984CD2C0A6 /* ConfirmationPrompting.swift in Sources */,
				DBADF7C57DC35966E5133C98 /* DisplayCopy.swift in Sources */,
				9EC5233D54113321BBB0D1C1 /* DisplayFrameComposer.swift in Sources */,
				AEFB41A15153C42A4185C04A /* DisplayLinkControlling.swift in Sources */,
				5A626E76416CB51BC37B65C4 /* DisplayPreferences.swift in Sources */,
				0DBE725054312D1C217F8017 /* FrameFingerprint.swift in Sources */,
				FE4AA7964908327DC217DF74 /* FrameRasterizer.swift in Sources */,
				4F85213497225FE4DEEBA60C /* MenuBuilder.swift in Sources */,
				45E3659C2A1ADDADA8F72843 /* NRF5Radio.swift in Sources */,
				B4990EE7023F87E7E7BAC31F /* PersistenceStore.swift in Sources */,
				01EB0888CCAA4EE0A5D4467F /* PlaneEncoder.swift in Sources */,
				F40761805DE892311650C558 /* Presentation.swift in Sources */,
				3072C0BBD85ADF092380F8AE /* ProductState.swift in Sources */,
				0D5E3ED47ABBE811C84B71FA /* ProductStateCodec.swift in Sources */,
				6F9DAF56DFCEA6BA82F0CF4E /* QuotaFocusLayout.swift in Sources */,
				E2FB258F3050CB048D41A65E /* QuotaFocusModel.swift in Sources */,
				870808E72447569A727A87A4 /* RadioTransport.swift in Sources */,
				BA928C7D8FA5755B7E2240AB /* ReadySessionCoordinator.swift in Sources */,
				6155CF3324AC55BD1DBDB713 /* SettingsPanelController.swift in Sources */,
				C3B614A68DBAEEA9963D26BB /* StatusItemController.swift in Sources */,
				F0CF28D3769FBF38B185271C /* UsageInkRuntime.swift in Sources */,
				7D946B4D1ECA0116EDF93D7C /* UsageObservation.swift in Sources */,
			);
			runOnlyForDeploymentPostprocessing = 0;
		};
/* End PBXSourcesBuildPhase section */

/* Begin PBXTargetDependency section */
		8E14DED3A41B7D8E52D48D13 /* PBXTargetDependency */ = {
			isa = PBXTargetDependency;
			target = D8633ABCFEEF343F6BEB758A /* UsageInk */;
			targetProxy = 064C314D18295F79A27A5BB0 /* PBXContainerItemProxy */;
		};
/* End PBXTargetDependency section */

/* Begin PBXVariantGroup section */
		8B59FCFFBF0E0EE9B5C88388 /* InfoPlist.strings */ = {
			isa = PBXVariantGroup;
			children = (
				8CF3737AA871037684E20AF9 /* en */,
				F975DEE9DA0FF6A3EE9D7F03 /* zh-Hans */,
			);
			name = InfoPlist.strings;
			sourceTree = "<group>";
		};
/* End PBXVariantGroup section */

/* Begin XCBuildConfiguration section */
		2FF6C6709883BF869D816580 /* Debug */ = {
			isa = XCBuildConfiguration;
			buildSettings = {
				BUNDLE_LOADER = "$(TEST_HOST)";
				COMBINE_HIDPI_IMAGES = YES;
				ENABLE_TESTABILITY = YES;
				GENERATE_INFOPLIST_FILE = YES;
				LD_RUNPATH_SEARCH_PATHS = (
					"$(inherited)",
					"@executable_path/../Frameworks",
					"@loader_path/../Frameworks",
				);
				PRODUCT_BUNDLE_IDENTIFIER = com.patrickfu.UsageInkTests;
				SDKROOT = macosx;
				TEST_HOST = "$(BUILT_PRODUCTS_DIR)/UsageInk.app/Contents/MacOS/UsageInk";
			};
			name = Debug;
		};
		58EDD4AB5A11891494B072B2 /* Debug */ = {
			isa = XCBuildConfiguration;
			buildSettings = {
				ASSETCATALOG_COMPILER_APPICON_NAME = "";
				COMBINE_HIDPI_IMAGES = YES;
				ENABLE_HARDENED_RUNTIME = NO;
				ENABLE_TESTABILITY = YES;
				GENERATE_INFOPLIST_FILE = NO;
				INFOPLIST_FILE = Resources/Info.plist;
				LD_RUNPATH_SEARCH_PATHS = (
					"$(inherited)",
					"@executable_path/../Frameworks",
				);
				PRODUCT_BUNDLE_IDENTIFIER = com.patrickfu.UsageInk;
				PRODUCT_NAME = UsageInk;
				SDKROOT = macosx;
			};
			name = Debug;
		};
		82BDB6C4B489E2C68BF86C05 /* Release */ = {
			isa = XCBuildConfiguration;
			buildSettings = {
				BUNDLE_LOADER = "$(TEST_HOST)";
				COMBINE_HIDPI_IMAGES = YES;
				ENABLE_TESTABILITY = YES;
				GENERATE_INFOPLIST_FILE = YES;
				LD_RUNPATH_SEARCH_PATHS = (
					"$(inherited)",
					"@executable_path/../Frameworks",
					"@loader_path/../Frameworks",
				);
				PRODUCT_BUNDLE_IDENTIFIER = com.patrickfu.UsageInkTests;
				SDKROOT = macosx;
				TEST_HOST = "$(BUILT_PRODUCTS_DIR)/UsageInk.app/Contents/MacOS/UsageInk";
			};
			name = Release;
		};
		8EE6A1B0495D5F1A46AFD020 /* Release */ = {
			isa = XCBuildConfiguration;
			buildSettings = {
				ALWAYS_SEARCH_USER_PATHS = NO;
				CLANG_ANALYZER_NONNULL = YES;
				CLANG_ANALYZER_NUMBER_OBJECT_CONVERSION = YES_AGGRESSIVE;
				CLANG_CXX_LANGUAGE_STANDARD = "gnu++14";
				CLANG_CXX_LIBRARY = "libc++";
				CLANG_ENABLE_MODULES = YES;
				CLANG_ENABLE_OBJC_ARC = YES;
				CLANG_ENABLE_OBJC_WEAK = YES;
				CLANG_WARN_BLOCK_CAPTURE_AUTORELEASING = YES;
				CLANG_WARN_BOOL_CONVERSION = YES;
				CLANG_WARN_COMMA = YES;
				CLANG_WARN_CONSTANT_CONVERSION = YES;
				CLANG_WARN_DEPRECATED_OBJC_IMPLEMENTATIONS = YES;
				CLANG_WARN_DIRECT_OBJC_ISA_USAGE = YES_ERROR;
				CLANG_WARN_DOCUMENTATION_COMMENTS = YES;
				CLANG_WARN_EMPTY_BODY = YES;
				CLANG_WARN_ENUM_CONVERSION = YES;
				CLANG_WARN_INFINITE_RECURSION = YES;
				CLANG_WARN_INT_CONVERSION = YES;
				CLANG_WARN_NON_LITERAL_NULL_CONVERSION = YES;
				CLANG_WARN_OBJC_IMPLICIT_RETAIN_SELF = YES;
				CLANG_WARN_OBJC_LITERAL_CONVERSION = YES;
				CLANG_WARN_OBJC_ROOT_CLASS = YES_ERROR;
				CLANG_WARN_QUOTED_INCLUDE_IN_FRAMEWORK_HEADER = YES;
				CLANG_WARN_RANGE_LOOP_ANALYSIS = YES;
				CLANG_WARN_STRICT_PROTOTYPES = YES;
				CLANG_WARN_SUSPICIOUS_MOVE = YES;
				CLANG_WARN_UNGUARDED_AVAILABILITY = YES_AGGRESSIVE;
				CLANG_WARN_UNREACHABLE_CODE = YES;
				CLANG_WARN__DUPLICATE_METHOD_MATCH = YES;
				CODE_SIGN_IDENTITY = "-";
				CODE_SIGN_STYLE = Manual;
				COMBINE_HIDPI_IMAGES = YES;
				COMPILER_INDEX_STORE_ENABLE = NO;
				COPY_PHASE_STRIP = NO;
				CURRENT_PROJECT_VERSION = 1;
				DEBUG_INFORMATION_FORMAT = "dwarf-with-dsym";
				DEVELOPMENT_TEAM = "";
				ENABLE_HARDENED_RUNTIME = NO;
				ENABLE_NS_ASSERTIONS = NO;
				ENABLE_STRICT_OBJC_MSGSEND = YES;
				ENABLE_USER_SCRIPT_SANDBOXING = YES;
				GCC_C_LANGUAGE_STANDARD = gnu11;
				GCC_NO_COMMON_BLOCKS = YES;
				GCC_WARN_64_TO_32_BIT_CONVERSION = YES;
				GCC_WARN_ABOUT_RETURN_TYPE = YES_ERROR;
				GCC_WARN_UNDECLARED_SELECTOR = YES;
				GCC_WARN_UNINITIALIZED_AUTOS = YES_AGGRESSIVE;
				GCC_WARN_UNUSED_FUNCTION = YES;
				GCC_WARN_UNUSED_VARIABLE = YES;
				MACOSX_DEPLOYMENT_TARGET = 14.0;
				MARKETING_VERSION = 0.1.0;
				MTL_ENABLE_DEBUG_INFO = NO;
				MTL_FAST_MATH = YES;
				PRODUCT_NAME = "$(TARGET_NAME)";
				SDKROOT = macosx;
				SUPPORTED_PLATFORMS = macosx;
				SWIFT_COMPILATION_MODE = wholemodule;
				SWIFT_DEFAULT_ACTOR_ISOLATION = nonisolated;
				SWIFT_OPTIMIZATION_LEVEL = "-O";
				SWIFT_STRICT_CONCURRENCY = complete;
				SWIFT_VERSION = 6.0;
			};
			name = Release;
		};
		926AEA0C6B7C19F7405817B9 /* Debug */ = {
			isa = XCBuildConfiguration;
			buildSettings = {
				ALWAYS_SEARCH_USER_PATHS = NO;
				CLANG_ANALYZER_NONNULL = YES;
				CLANG_ANALYZER_NUMBER_OBJECT_CONVERSION = YES_AGGRESSIVE;
				CLANG_CXX_LANGUAGE_STANDARD = "gnu++14";
				CLANG_CXX_LIBRARY = "libc++";
				CLANG_ENABLE_MODULES = YES;
				CLANG_ENABLE_OBJC_ARC = YES;
				CLANG_ENABLE_OBJC_WEAK = YES;
				CLANG_WARN_BLOCK_CAPTURE_AUTORELEASING = YES;
				CLANG_WARN_BOOL_CONVERSION = YES;
				CLANG_WARN_COMMA = YES;
				CLANG_WARN_CONSTANT_CONVERSION = YES;
				CLANG_WARN_DEPRECATED_OBJC_IMPLEMENTATIONS = YES;
				CLANG_WARN_DIRECT_OBJC_ISA_USAGE = YES_ERROR;
				CLANG_WARN_DOCUMENTATION_COMMENTS = YES;
				CLANG_WARN_EMPTY_BODY = YES;
				CLANG_WARN_ENUM_CONVERSION = YES;
				CLANG_WARN_INFINITE_RECURSION = YES;
				CLANG_WARN_INT_CONVERSION = YES;
				CLANG_WARN_NON_LITERAL_NULL_CONVERSION = YES;
				CLANG_WARN_OBJC_IMPLICIT_RETAIN_SELF = YES;
				CLANG_WARN_OBJC_LITERAL_CONVERSION = YES;
				CLANG_WARN_OBJC_ROOT_CLASS = YES_ERROR;
				CLANG_WARN_QUOTED_INCLUDE_IN_FRAMEWORK_HEADER = YES;
				CLANG_WARN_RANGE_LOOP_ANALYSIS = YES;
				CLANG_WARN_STRICT_PROTOTYPES = YES;
				CLANG_WARN_SUSPICIOUS_MOVE = YES;
				CLANG_WARN_UNGUARDED_AVAILABILITY = YES_AGGRESSIVE;
				CLANG_WARN_UNREACHABLE_CODE = YES;
				CLANG_WARN__DUPLICATE_METHOD_MATCH = YES;
				CODE_SIGN_IDENTITY = "-";
				CODE_SIGN_STYLE = Manual;
				COMBINE_HIDPI_IMAGES = YES;
				COMPILER_INDEX_STORE_ENABLE = NO;
				COPY_PHASE_STRIP = NO;
				CURRENT_PROJECT_VERSION = 1;
				DEBUG_INFORMATION_FORMAT = dwarf;
				DEVELOPMENT_TEAM = "";
				ENABLE_HARDENED_RUNTIME = NO;
				ENABLE_STRICT_OBJC_MSGSEND = YES;
				ENABLE_TESTABILITY = YES;
				ENABLE_USER_SCRIPT_SANDBOXING = YES;
				GCC_C_LANGUAGE_STANDARD = gnu11;
				GCC_DYNAMIC_NO_PIC = NO;
				GCC_NO_COMMON_BLOCKS = YES;
				GCC_OPTIMIZATION_LEVEL = 0;
				GCC_PREPROCESSOR_DEFINITIONS = (
					"$(inherited)",
					"DEBUG=1",
				);
				GCC_WARN_64_TO_32_BIT_CONVERSION = YES;
				GCC_WARN_ABOUT_RETURN_TYPE = YES_ERROR;
				GCC_WARN_UNDECLARED_SELECTOR = YES;
				GCC_WARN_UNINITIALIZED_AUTOS = YES_AGGRESSIVE;
				GCC_WARN_UNUSED_FUNCTION = YES;
				GCC_WARN_UNUSED_VARIABLE = YES;
				MACOSX_DEPLOYMENT_TARGET = 14.0;
				MARKETING_VERSION = 0.1.0;
				MTL_ENABLE_DEBUG_INFO = INCLUDE_SOURCE;
				MTL_FAST_MATH = YES;
				ONLY_ACTIVE_ARCH = YES;
				PRODUCT_NAME = "$(TARGET_NAME)";
				SDKROOT = macosx;
				SUPPORTED_PLATFORMS = macosx;
				SWIFT_ACTIVE_COMPILATION_CONDITIONS = DEBUG;
				SWIFT_DEFAULT_ACTOR_ISOLATION = nonisolated;
				SWIFT_OPTIMIZATION_LEVEL = "-Onone";
				SWIFT_STRICT_CONCURRENCY = complete;
				SWIFT_VERSION = 6.0;
			};
			name = Debug;
		};
		C0CF824FD3E1850EB0EFFF2F /* Release */ = {
			isa = XCBuildConfiguration;
			buildSettings = {
				ASSETCATALOG_COMPILER_APPICON_NAME = "";
				COMBINE_HIDPI_IMAGES = YES;
				ENABLE_HARDENED_RUNTIME = NO;
				ENABLE_TESTABILITY = YES;
				GENERATE_INFOPLIST_FILE = NO;
				INFOPLIST_FILE = Resources/Info.plist;
				LD_RUNPATH_SEARCH_PATHS = (
					"$(inherited)",
					"@executable_path/../Frameworks",
				);
				PRODUCT_BUNDLE_IDENTIFIER = com.patrickfu.UsageInk;
				PRODUCT_NAME = UsageInk;
				SDKROOT = macosx;
			};
			name = Release;
		};
/* End XCBuildConfiguration section */

/* Begin XCConfigurationList section */
		7EA4F0D5EFEA23FC454B766E /* Build configuration list for PBXNativeTarget "UsageInk" */ = {
			isa = XCConfigurationList;
			buildConfigurations = (
				58EDD4AB5A11891494B072B2 /* Debug */,
				C0CF824FD3E1850EB0EFFF2F /* Release */,
			);
			defaultConfigurationIsVisible = 0;
			defaultConfigurationName = Debug;
		};
		92FA71400FC56E2E0F00800D /* Build configuration list for PBXProject "UsageInk" */ = {
			isa = XCConfigurationList;
			buildConfigurations = (
				926AEA0C6B7C19F7405817B9 /* Debug */,
				8EE6A1B0495D5F1A46AFD020 /* Release */,
			);
			defaultConfigurationIsVisible = 0;
			defaultConfigurationName = Debug;
		};
		BCFF2D71DB550B901EE62243 /* Build configuration list for PBXNativeTarget "UsageInkTests" */ = {
			isa = XCConfigurationList;
			buildConfigurations = (
				2FF6C6709883BF869D816580 /* Debug */,
				82BDB6C4B489E2C68BF86C05 /* Release */,
			);
			defaultConfigurationIsVisible = 0;
			defaultConfigurationName = Debug;
		};
/* End XCConfigurationList section */
	};
	rootObject = C5F46439B407EC63A2FC6CF4 /* Project object */;
}
